// !$*UTF8*$!
{
	archiveVersion = 1;
	classes = {
	};
	objectVersion = 56;
	objects = {

/* Begin PBXBuildFile section */
		F168DADC2B8317C40009C273 /* AppDelegate.swift in Sources */ = {isa = PBXBuildFile; fileRef = F168DADB2B8317C40009C273 /* AppDelegate.swift */; };
		F168DADE2B8317C40009C273 /* SceneDelegate.swift in Sources */ = {isa = PBXBuildFile; fileRef = F168DADD2B8317C40009C273 /* SceneDelegate.swift */; };
		F168DAE02B8317C40009C273 /* PL1Controller.swift in Sources */ = {isa = PBXBuildFile; fileRef = F168DADF2B8317C40009C273 /* PL1Controller.swift */; };
		F168DAE52B8317C60009C273 /* Assets.xcassets in Resources */ = {isa = PBXBuildFile; fileRef = F168DAE42B8317C60009C273 /* Assets.xcassets */; };
		F168DAE82B8317C60009C273 /* LaunchScreen.storyboard in Resources */ = {isa = PBXBuildFile; fileRef = F168DAE62B8317C60009C273 /* LaunchScreen.storyboard */; };
		F168DAF12B831A400009C273 /* DroidSans-Bold.ttf in Resources */ = {isa = PBXBuildFile; fileRef = F168DAEF2B831A400009C273 /* DroidSans-Bold.ttf */; };
		F168DAF22B831A400009C273 /* DroidSans.ttf in Resources */ = {isa = PBXBuildFile; fileRef = F168DAF02B831A400009C273 /* DroidSans.ttf */; };
		F168DAF52B831A860009C273 /* SnapKit in Frameworks */ = {isa = PBXBuildFile; productRef = F168DAF42B831A860009C273 /* SnapKit */; };
		F168DAF72B831C270009C273 /* PL2Controller.swift in Sources */ = {isa = PBXBuildFile; fileRef = F168DAF62B831C270009C273 /* PL2Controller.swift */; };
		F168DAFD2B8320D10009C273 /* PL3Controller.swift in Sources */ = {isa = PBXBuildFile; fileRef = F168DAFC2B8320D10009C273 /* PL3Controller.swift */; };
		F168DAFF2B83285F0009C273 /* PLFlightsController.swift in Sources */ = {isa = PBXBuildFile; fileRef = F168DAFE2B83285F0009C273 /* PLFlightsController.swift */; };
		F168DB012B832D9B0009C273 /* PLTabController.swift in Sources */ = {isa = PBXBuildFile; fileRef = F168DB002B832D9B0009C273 /* PLTabController.swift */; };
		F168DB032B832F460009C273 /* PLFlightsCell.swift in Sources */ = {isa = PBXBuildFile; fileRef = F168DB022B832F460009C273 /* PLFlightsCell.swift */; };
		F168DB052B8350460009C273 /* PLAddController.swift in Sources */ = {isa = PBXBuildFile; fileRef = F168DB042B8350460009C273 /* PLAddController.swift */; };
		F168DB072B83553E0009C273 /* PLAirplaneController.swift in Sources */ = {isa = PBXBuildFile; fileRef = F168DB062B83553E0009C273 /* PLAirplaneController.swift */; };
		F168DB0C2B8399D00009C273 /* PrivacyViewController.swift in Sources */ = {isa = PBXBuildFile; fileRef = F168DB0A2B8399D00009C273 /* PrivacyViewController.swift */; };
		F168DB0D2B8399D00009C273 /* PLSettingsController.swift in Sources */ = {isa = PBXBuildFile; fileRef = F168DB0B2B8399D00009C273 /* PLSettingsController.swift */; };
		F168DB0F2B8477870009C273 /* PLAviaparkController.swift in Sources */ = {isa = PBXBuildFile; fileRef = F168DB0E2B8477870009C273 /* PLAviaparkController.swift */; };
		F168DB112B84828C0009C273 /* PLAddFlightsController.swift in Sources */ = {isa = PBXBuildFile; fileRef = F168DB102B84828C0009C273 /* PLAddFlightsController.swift */; };
/* End PBXBuildFile section */

/* Begin PBXFileReference section */
		F168DAD82B8317C40009C273 /* Pilot logbook.app */ = {isa = PBXFileReference; explicitFileType = wrapper.application; includeInIndex = 0; path = "Pilot logbook.app"; sourceTree = BUILT_PRODUCTS_DIR; };
		F168DADB2B8317C40009C273 /* AppDelegate.swift */ = {isa = PBXFileReference; lastKnownFileType = sourcecode.swift; path = AppDelegate.swift; sourceTree = "<group>"; };
		F168DADD2B8317C40009C273 /* SceneDelegate.swift */ = {isa = PBXFileReference; lastKnownFileType = sourcecode.swift; path = SceneDelegate.swift; sourceTree = "<group>"; };
		F168DADF2B8317C40009C273 /* PL1Controller.swift */ = {isa = PBXFileReference; lastKnownFileType = sourcecode.swift; path = PL1Controller.swift; sourceTree = "<group>"; };
		F168DAE42B8317C60009C273 /* Assets.xcassets */ = {isa = PBXFileReference; lastKnownFileType = folder.assetcatalog; path = Assets.xcassets; sourceTree = "<group>"; };
		F168DAE72B8317C60009C273 /* Base */ = {isa = PBXFileReference; lastKnownFileType = file.storyboard; name = Base; path = Base.lproj/LaunchScreen.storyboard; sourceTree = "<group>"; };
		F168DAE92B8317C60009C273 /* Info.plist */ = {isa = PBXFileReference; lastKnownFileType = text.plist.xml; path = Info.plist; sourceTree = "<group>"; };
		F168DAEF2B831A400009C273 /* DroidSans-Bold.ttf */ = {isa = PBXFileReference; lastKnownFileType = file; path = "DroidSans-Bold.ttf"; sourceTree = "<group>"; };
		F168DAF02B831A400009C273 /* DroidSans.ttf */ = {isa = PBXFileReference; lastKnownFileType = file; path = DroidSans.ttf; sourceTree = "<group>"; };
		F168DAF62B831C270009C273 /* PL2Controller.swift */ = {isa = PBXFileReference; lastKnownFileType = sourcecode.swift; path = PL2Controller.swift; sourceTree = "<group>"; };
		F168DAFC2B8320D10009C273 /* PL3Controller.swift */ = {isa = PBXFileReference; lastKnownFileType = sourcecode.swift; path = PL3Controller.swift; sourceTree = "<group>"; };
		F168DAFE2B83285F0009C273 /* PLFlightsController.swift */ = {isa = PBXFileReference; lastKnownFileType = sourcecode.swift; path = PLFlightsController.swift; sourceTree = "<group>"; };
		F168DB002B832D9B0009C273 /* PLTabController.swift */ = {isa = PBXFileReference; lastKnownFileType = sourcecode.swift; path = PLTabController.swift; sourceTree = "<group>"; };
		F168DB022B832F460009C273 /* PLFlightsCell.swift */ = {isa = PBXFileReference; fileEncoding = 4; lastKnownFileType = sourcecode.swift; path = PLFlightsCell.swift; sourceTree = "<group>"; };
		F168DB042B8350460009C273 /* PLAddController.swift */ = {isa = PBXFileReference; lastKnownFileType = sourcecode.swift; path = PLAddController.swift; sourceTree = "<group>"; };
		F168DB062B83553E0009C273 /* PLAirplaneController.swift */ = {isa = PBXFileReference; lastKnownFileType = sourcecode.swift; path = PLAirplaneController.swift; sourceTree = "<group>"; };
		F168DB0A2B8399D00009C273 /* PrivacyViewController.swift */ = {isa = PBXFileReference; fileEncoding = 4; lastKnownFileType = sourcecode.swift; path = PrivacyViewController.swift; sourceTree = "<group>"; };
		F168DB0B2B8399D00009C273 /* PLSettingsController.swift */ = {isa = PBXFileReference; fileEncoding = 4; lastKnownFileType = sourcecode.swift; path = PLSettingsController.swift; sourceTree = "<group>"; };
		F168DB0E2B8477870009C273 /* PLAviaparkController.swift */ = {isa = PBXFileReference; lastKnownFileType = sourcecode.swift; path = PLAviaparkController.swift; sourceTree = "<group>"; };
		F168DB102B84828C0009C273 /* PLAddFlightsController.swift */ = {isa = PBXFileReference; lastKnownFileType = sourcecode.swift; path = PLAddFlightsController.swift; sourceTree = "<group>"; };
/* End PBXFileReference section */

/* Begin PBXFrameworksBuildPhase section */
		F168DAD52B8317C40009C273 /* Frameworks */ = {
			isa = PBXFrameworksBuildPhase;
			buildActionMask = 2147483647;
			files = (
				F168DAF52B831A860009C273 /* SnapKit in Frameworks */,
			);
			runOnlyForDeploymentPostprocessing = 0;
		};
/* End PBXFrameworksBuildPhase section */

/* Begin PBXGroup section */
		F168DACF2B8317C40009C273 = {
			isa = PBXGroup;
			children = (
				F168DADA2B8317C40009C273 /* Pilot logbook */,
				F168DAD92B8317C40009C273 /* Products */,
			);
			sourceTree = "<group>";
		};
		F168DAD92B8317C40009C273 /* Products */ = {
			isa = PBXGroup;
			children = (
				F168DAD82B8317C40009C273 /* Pilot logbook.app */,
			);
			name = Products;
			sourceTree = "<group>";
		};
		F168DADA2B8317C40009C273 /* Pilot logbook */ = {
			isa = PBXGroup;
			children = (
				F168DADB2B8317C40009C273 /* AppDelegate.swift */,
				F168DADD2B8317C40009C273 /* SceneDelegate.swift */,
				F168DB002B832D9B0009C273 /* PLTabController.swift */,
				F168DADF2B8317C40009C273 /* PL1Controller.swift */,
				F168DAF62B831C270009C273 /* PL2Controller.swift */,
				F168DAFC2B8320D10009C273 /* PL3Controller.swift */,
				F168DAFE2B83285F0009C273 /* PLFlightsController.swift */,
				F168DB102B84828C0009C273 /* PLAddFlightsController.swift */,
				F168DB042B8350460009C273 /* PLAddController.swift */,
				F168DB0E2B8477870009C273 /* PLAviaparkController.swift */,
				F168DB062B83553E0009C273 /* PLAirplaneController.swift */,
				F168DB022B832F460009C273 /* PLFlightsCell.swift */,
				F168DB0B2B8399D00009C273 /* PLSettingsController.swift */,
				F168DB0A2B8399D00009C273 /* PrivacyViewController.swift */,
				F168DAE42B8317C60009C273 /* Assets.xcassets */,
				F168DAE62B8317C60009C273 /* LaunchScreen.storyboard */,
				F168DAE92B8317C60009C273 /* Info.plist */,
				F168DAEF2B831A400009C273 /* DroidSans-Bold.ttf */,
				F168DAF02B831A400009C273 /* DroidSans.ttf */,
			);
			path = "Pilot logbook";
			sourceTree = "<group>";
		};
/* End PBXGroup section */

/* Begin PBXNativeTarget section */
		F168DAD72B8317C40009C273 /* Pilot logbook */ = {
			isa = PBXNativeTarget;
			buildConfigurationList = F168DAEC2B8317C60009C273 /* Build configuration list for PBXNativeTarget "Pilot logbook" */;
			buildPhases = (
				F168DAD42B8317C40009C273 /* Sources */,
				F168DAD52B8317C40009C273 /* Frameworks */,
				F168DAD62B8317C40009C273 /* Resources */,
			);
			buildRules = (
			);
			dependencies = (
			);
			name = "Pilot logbook";
			packageProductDependencies = (
				F168DAF42B831A860009C273 /* SnapKit */,
			);
			productName = "Pilot logbook";
			productReference = F168DAD82B8317C40009C273 /* Pilot logbook.app */;
			productType = "com.apple.product-type.application";
		};
/* End PBXNativeTarget section */

/* Begin PBXProject section */
		F168DAD02B8317C40009C273 /* Project object */ = {
			isa = PBXProject;
			attributes = {
				BuildIndependentTargetsInParallel = 1;
				LastSwiftUpdateCheck = 1500;
				LastUpgradeCheck = 1500;
				TargetAttributes = {
					F168DAD72B8317C40009C273 = {
						CreatedOnToolsVersion = 15.0.1;
					};
				};
			};
			buildConfigurationList = F168DAD32B8317C40009C273 /* Build configuration list for PBXProject "Pilot logbook" */;
			compatibilityVersion = "Xcode 14.0";
			developmentRegion = en;
			hasScannedForEncodings = 0;
			knownRegions = (
				en,
				Base,
			);
			mainGroup = F168DACF2B8317C40009C273;
			packageReferences = (
				F168DAF32B831A860009C273 /* XCRemoteSwiftPackageReference "SnapKit" */,
			);
			productRefGroup = F168DAD92B8317C40009C273 /* Products */;
			projectDirPath = "";
			projectRoot = "";
			targets = (
				F168DAD72B8317C40009C273 /* Pilot logbook */,
			);
		};
/* End PBXProject section */

/* Begin PBXResourcesBuildPhase section */
		F168DAD62B8317C40009C273 /* Resources */ = {
			isa = PBXResourcesBuildPhase;
			buildActionMask = 2147483647;
			files = (
				F168DAF22B831A400009C273 /* DroidSans.ttf in Resources */,
				F168DAF12B831A400009C273 /* DroidSans-Bold.ttf in Resources */,
				F168DAE82B8317C60009C273 /* LaunchScreen.storyboard in Resources */,
				F168DAE52B8317C60009C273 /* Assets.xcassets in Resources */,
			);
			runOnlyForDeploymentPostprocessing = 0;
		};
/* End PBXResourcesBuildPhase section */

/* Begin PBXSourcesBuildPhase section */
		F168DAD42B8317C40009C273 /* Sources */ = {
			isa = PBXSourcesBuildPhase;
			buildActionMask = 2147483647;
			files = (
				F168DB0C2B8399D00009C273 /* PrivacyViewController.swift in Sources */,
				F168DAF72B831C270009C273 /* PL2Controller.swift in Sources */,
				F168DAE02B8317C40009C273 /* PL1Controller.swift in Sources */,
				F168DADC2B8317C40009C273 /* AppDelegate.swift in Sources */,
				F168DB052B8350460009C273 /* PLAddController.swift in Sources */,
				F168DB012B832D9B0009C273 /* PLTabController.swift in Sources */,
				F168DB032B832F460009C273 /* PLFlightsCell.swift in Sources */,
				F168DAFF2B83285F0009C273 /* PLFlightsController.swift in Sources */,
				F168DB072B83553E0009C273 /* PLAirplaneController.swift in Sources */,
				F168DB112B84828C0009C273 /* PLAddFlightsController.swift in Sources */,
				F168DB0F2B8477870009C273 /* PLAviaparkController.swift in Sources */,
				F168DADE2B8317C40009C273 /* SceneDelegate.swift in Sources */,
				F168DAFD2B8320D10009C273 /* PL3Controller.swift in Sources */,
				F168DB0D2B8399D00009C273 /* PLSettingsController.swift in Sources */,
			);
			runOnlyForDeploymentPostprocessing = 0;
		};
/* End PBXSourcesBuildPhase section */

/* Begin PBXVariantGroup section */
		F168DAE62B8317C60009C273 /* LaunchScreen.storyboard */ = {
			isa = PBXVariantGroup;
			children = (
				F168DAE72B8317C60009C273 /* Base */,
			);
			name = LaunchScreen.storyboard;
			sourceTree = "<group>";
		};
/* End PBXVariantGroup section */

/* Begin XCBuildConfiguration section */
		F168DAEA2B8317C60009C273 /* Debug */ = {
			isa = XCBuildConfiguration;
			buildSettings = {
				ALWAYS_SEARCH_USER_PATHS = NO;
				ASSETCATALOG_COMPILER_GENERATE_SWIFT_ASSET_SYMBOL_EXTENSIONS = YES;
				CLANG_ANALYZER_NONNULL = YES;
				CLANG_ANALYZER_NUMBER_OBJECT_CONVERSION = YES_AGGRESSIVE;
				CLANG_CXX_LANGUAGE_STANDARD = "gnu++20";
				CLANG_ENABLE_MODULES = YES;
				CLANG_ENABLE_OBJC_ARC = YES;
				CLANG_ENABLE_OBJC_WEAK = YES;
				CLANG_WARN_BLOCK_CAPTURE_AUTORELEASING = YES;
				CLANG_WARN_BOOL_CONVERSION = YES;
				CLANG_WARN_COMMA = YES;
				CLANG_WARN_CONSTANT_CONVERSION = YES;
				CLANG_WARN_DEPRECATED_OBJC_IMPLEMENTATIONS = YES;
				CLANG_WARN_DIRECT_OBJC_ISA_USAGE = YES_ERROR;
				CLANG_WARN_DOCUMENTATION_COMMENTS = YES;
				CLANG_WARN_EMPTY_BODY = YES;
				CLANG_WARN_ENUM_CONVERSION = YES;
				CLANG_WARN_INFINITE_RECURSION = YES;
				CLANG_WARN_INT_CONVERSION = YES;
				CLANG_WARN_NON_LITERAL_NULL_CONVERSION = YES;
				CLANG_WARN_OBJC_IMPLICIT_RETAIN_SELF = YES;
				CLANG_WARN_OBJC_LITERAL_CONVERSION = YES;
				CLANG_WARN_OBJC_ROOT_CLASS = YES_ERROR;
				CLANG_WARN_QUOTED_INCLUDE_IN_FRAMEWORK_HEADER = YES;
				CLANG_WARN_RANGE_LOOP_ANALYSIS = YES;
				CLANG_WARN_STRICT_PROTOTYPES = YES;
				CLANG_WARN_SUSPICIOUS_MOVE = YES;
				CLANG_WARN_UNGUARDED_AVAILABILITY = YES_AGGRESSIVE;
				CLANG_WARN_UNREACHABLE_CODE = YES;
				CLANG_WARN__DUPLICATE_METHOD_MATCH = YES;
				COPY_PHASE_STRIP = NO;
				DEBUG_INFORMATION_FORMAT = dwarf;
				ENABLE_STRICT_OBJC_MSGSEND = YES;
				ENABLE_TESTABILITY = YES;
				ENABLE_USER_SCRIPT_SANDBOXING = YES;
				GCC_C_LANGUAGE_STANDARD = gnu17;
				GCC_DYNAMIC_NO_PIC = NO;
				GCC_NO_COMMON_BLOCKS = YES;
				GCC_OPTIMIZATION_LEVEL = 0;
				GCC_PREPROCESSOR_DEFINITIONS = (
					"DEBUG=1",
					"$(inherited)",
				);
				GCC_WARN_64_TO_32_BIT_CONVERSION = YES;
				GCC_WARN_ABOUT_RETURN_TYPE = YES_ERROR;
				GCC_WARN_UNDECLARED_SELECTOR = YES;
				GCC_WARN_UNINITIALIZED_AUTOS = YES_AGGRESSIVE;
				GCC_WARN_UNUSED_FUNCTION = YES;
				GCC_WARN_UNUSED_VARIABLE = YES;
				IPHONEOS_DEPLOYMENT_TARGET = 17.0;
				LOCALIZATION_PREFERS_STRING_CATALOGS = YES;
				MTL_ENABLE_DEBUG_INFO = INCLUDE_SOURCE;
				MTL_FAST_MATH = YES;
				ONLY_ACTIVE_ARCH = YES;
				SDKROOT = iphoneos;
				SWIFT_ACTIVE_COMPILATION_CONDITIONS = "DEBUG $(inherited)";
				SWIFT_OPTIMIZATION_LEVEL = "-Onone";
			};
			name = Debug;
		};
		F168DAEB2B8317C60009C273 /* Release */ = {
			isa = XCBuildConfiguration;
			buildSettings = {
				ALWAYS_SEARCH_USER_PATHS = NO;
				ASSETCATALOG_COMPILER_GENERATE_SWIFT_ASSET_SYMBOL_EXTENSIONS = YES;
				CLANG_ANALYZER_NONNULL = YES;
				CLANG_ANALYZER_NUMBER_OBJECT_CONVERSION = YES_AGGRESSIVE;
				CLANG_CXX_LANGUAGE_STANDARD = "gnu++20";
				CLANG_ENABLE_MODULES = YES;
				CLANG_ENABLE_OBJC_ARC = YES;
				CLANG_ENABLE_OBJC_WEAK = YES;
				CLANG_WARN_BLOCK_CAPTURE_AUTORELEASING = YES;
				CLANG_WARN_BOOL_CONVERSION = YES;
				CLANG_WARN_COMMA = YES;
				CLANG_WARN_CONSTANT_CONVERSION = YES;
				CLANG_WARN_DEPRECATED_OBJC_IMPLEMENTATIONS = YES;
				CLANG_WARN_DIRECT_OBJC_ISA_USAGE = YES_ERROR;
				CLANG_WARN_DOCUMENTATION_COMMENTS = YES;
				CLANG_WARN_EMPTY_BODY = YES;
				CLANG_WARN_ENUM_CONVERSION = YES;
				CLANG_WARN_INFINITE_RECURSION = YES;
				CLANG_WARN_INT_CONVERSION = YES;
				CLANG_WARN_NON_LITERAL_NULL_CONVERSION = YES;
				CLANG_WARN_OBJC_IMPLICIT_RETAIN_SELF = YES;
				CLANG_WARN_OBJC_LITERAL_CONVERSION = YES;
				CLANG_WARN_OBJC_ROOT_CLASS = YES_ERROR;
				CLANG_WARN_QUOTED_INCLUDE_IN_FRAMEWORK_HEADER = YES;
				CLANG_WARN_RANGE_LOOP_ANALYSIS = YES;
				CLANG_WARN_STRICT_PROTOTYPES = YES;
				CLANG_WARN_SUSPICIOUS_MOVE = YES;
				CLANG_WARN_UNGUARDED_AVAILABILITY = YES_AGGRESSIVE;
				CLANG_WARN_UNREACHABLE_CODE = YES;
				CLANG_WARN__DUPLICATE_METHOD_MATCH = YES;
				COPY_PHASE_STRIP = NO;
				DEBUG_INFORMATION_FORMAT = "dwarf-with-dsym";
				ENABLE_NS_ASSERTIONS = NO;
				ENABLE_STRICT_OBJC_MSGSEND = YES;
				ENABLE_USER_SCRIPT_SANDBOXING = YES;
				GCC_C_LANGUAGE_STANDARD = gnu17;
				GCC_NO_COMMON_BLOCKS = YES;
				GCC_WARN_64_TO_32_BIT_CONVERSION = YES;
				GCC_WARN_ABOUT_RETURN_TYPE = YES_ERROR;
				GCC_WARN_UNDECLARED_SELECTOR = YES;
				GCC_WARN_UNINITIALIZED_AUTOS = YES_AGGRESSIVE;
				GCC_WARN_UNUSED_FUNCTION = YES;
				GCC_WARN_UNUSED_VARIABLE = YES;
				IPHONEOS_DEPLOYMENT_TARGET = 17.0;
				LOCALIZATION_PREFERS_STRING_CATALOGS = YES;
				MTL_ENABLE_DEBUG_INFO = NO;
				MTL_FAST_MATH = YES;
				SDKROOT = iphoneos;
				SWIFT_COMPILATION_MODE = wholemodule;
				VALIDATE_PRODUCT = YES;
			};
			name = Release;
		};
		F168DAED2B8317C60009C273 /* Debug */ = {
			isa = XCBuildConfiguration;
			buildSettings = {
				ASSETCATALOG_COMPILER_APPICON_NAME = AppIcon;
				ASSETCATALOG_COMPILER_GLOBAL_ACCENT_COLOR_NAME = AccentColor;
				CODE_SIGN_STYLE = Automatic;
				CURRENT_PROJECT_VERSION = 1;
				DEVELOPMENT_TEAM = 66V736J4F3;
				GENERATE_INFOPLIST_FILE = YES;
				INFOPLIST_FILE = "Pilot logbook/Info.plist";
				INFOPLIST_KEY_NSCameraUsageDescription = "custome your avatar";
				INFOPLIST_KEY_NSPhotoLibraryUsageDescription = "";
				INFOPLIST_KEY_UIApplicationSupportsIndirectInputEvents = YES;
				INFOPLIST_KEY_UILaunchStoryboardName = LaunchScreen;
				INFOPLIST_KEY_UISupportedInterfaceOrientations_iPad = "UIInterfaceOrientationPortrait UIInterfaceOrientationPortraitUpsideDown UIInterfaceOrientationLandscapeLeft UIInterfaceOrientationLandscapeRight";
				INFOPLIST_KEY_UISupportedInterfaceOrientations_iPhone = "UIInterfaceOrientationPortrait UIInterfaceOrientationLandscapeLeft UIInterfaceOrientationLandscapeRight";
				LD_RUNPATH_SEARCH_PATHS = (
					"$(inherited)",
					"@executable_path/Frameworks",
				);
				MARKETING_VERSION = 1.0;
				PRODUCT_BUNDLE_IDENTIFIER = "com.example.Pilot-logbook";
				PRODUCT_NAME = "$(TARGET_NAME)";
				SWIFT_EMIT_LOC_STRINGS = YES;
				SWIFT_VERSION = 5.0;
				TARGETED_DEVICE_FAMILY = "1,2";
			};
			name = Debug;
		};
		F168DAEE2B8317C60009C273 /* Release */ = {
			isa = XCBuildConfiguration;
			buildSettings = {
				ASSETCATALOG_COMPILER_APPICON_NAME = AppIcon;
				ASSETCATALOG_COMPILER_GLOBAL_ACCENT_COLOR_NAME = AccentColor;
				CODE_SIGN_STYLE = Automatic;
				CURRENT_PROJECT_VERSION = 1;
				DEVELOPMENT_TEAM = 66V736J4F3;
				GENERATE_INFOPLIST_FILE = YES;
				INFOPLIST_FILE = "Pilot logbook/Info.plist";
				INFOPLIST_KEY_NSCameraUsageDescription = "custome your avatar";
				INFOPLIST_KEY_NSPhotoLibraryUsageDescription = "";
				INFOPLIST_KEY_UIApplicationSupportsIndirectInputEvents = YES;
				INFOPLIST_KEY_UILaunchStoryboardName = LaunchScreen;
				INFOPLIST_KEY_UISupportedInterfaceOrientations_iPad = "UIInterfaceOrientationPortrait UIInterfaceOrientationPortraitUpsideDown UIInterfaceOrientationLandscapeLeft UIInterfaceOrientationLandscapeRight";
				INFOPLIST_KEY_UISupportedInterfaceOrientations_iPhone = "UIInterfaceOrientationPortrait UIInterfaceOrientationLandscapeLeft UIInterfaceOrientationLandscapeRight";
				LD_RUNPATH_SEARCH_PATHS = (
					"$(inherited)",
					"@executable_path/Frameworks",
				);
				MARKETING_VERSION = 1.0;
				PRODUCT_BUNDLE_IDENTIFIER = "com.example.Pilot-logbook";
				PRODUCT_NAME = "$(TARGET_NAME)";
				SWIFT_EMIT_LOC_STRINGS = YES;
				SWIFT_VERSION = 5.0;
				TARGETED_DEVICE_FAMILY = "1,2";
			};
			name = Release;
		};
/* End XCBuildConfiguration section */

/* Begin XCConfigurationList section */
		F168DAD32B8317C40009C273 /* Build configuration list for PBXProject "Pilot logbook" */ = {
			isa = XCConfigurationList;
			buildConfigurations = (
				F168DAEA2B8317C60009C273 /* Debug */,
				F168DAEB2B8317C60009C273 /* Release */,
			);
			defaultConfigurationIsVisible = 0;
			defaultConfigurationName = Release;
		};
		F168DAEC2B8317C60009C273 /* Build configuration list for PBXNativeTarget "Pilot logbook" */ = {
			isa = XCConfigurationList;
			buildConfigurations = (
				F168DAED2B8317C60009C273 /* Debug */,
				F168DAEE2B8317C60009C273 /* Release */,
			);
			defaultConfigurationIsVisible = 0;
			defaultConfigurationName = Release;
		};
/* End XCConfigurationList section */

/* Begin XCRemoteSwiftPackageReference section */
		F168DAF32B831A860009C273 /* XCRemoteSwiftPackageReference "SnapKit" */ = {
			isa = XCRemoteSwiftPackageReference;
			repositoryURL = "https://github.com/SnapKit/SnapKit.git";
			requirement = {
				kind = upToNextMajorVersion;
				minimumVersion = 5.7.1;
			};
		};
/* End XCRemoteSwiftPackageReference section */

/* Begin XCSwiftPackageProductDependency section */
		F168DAF42B831A860009C273 /* SnapKit */ = {
			isa = XCSwiftPackageProductDependency;
			package = F168DAF32B831A860009C273 /* XCRemoteSwiftPackageReference "SnapKit" */;
			productName = SnapKit;
		};
/* End XCSwiftPackageProductDependency section */
	};
	rootObject = F168DAD02B8317C40009C273 /* Project object */;
}
